
Microsoft Visual Studio Solution File, Format Version 12.00
# Visual Studio Version 17
VisualStudioVersion = 17.0.31903.59
MinimumVisualStudioVersion = 10.0.40219.1
Project("{FAE04EC0-301F-11D3-BF4B-00C04F79EFBC}") = "OrderService", "OrderService\OrderService.csproj", "{D06E1F1D-0BB4-4D1C-870D-B40378015295}"
EndProject
Project("{FAE04EC0-301F-11D3-BF4B-00C04F79EFBC}") = "PaymentService", "PaymentService\PaymentService.csproj", "{E0D54B40-09C3-4673-9B3F-67BB9C52A411}"
EndProject
Project("{FAE04EC0-301F-11D3-BF4B-00C04F79EFBC}") = "InventoryService", "InventoryService\InventoryService.csproj", "{A93FFF55-08DF-489C-B05E-C67C64F1AB4E}"
EndProject
Global
	GlobalSection(SolutionConfigurationPlatforms) = preSolution
		Debug|Any CPU = Debug|Any CPU
		Debug|x64 = Debug|x64
		Debug|x86 = Debug|x86
		Release|Any CPU = Release|Any CPU
		Release|x64 = Release|x64
		Release|x86 = Release|x86
	EndGlobalSection
	GlobalSection(ProjectConfigurationPlatforms) = postSolution
		{D06E1F1D-0BB4-4D1C-870D-B40378015295}.Debug|Any CPU.ActiveCfg = Debug|Any CPU
		{D06E1F1D-0BB4-4D1C-870D-B40378015295}.Debug|Any CPU.Build.0 = Debug|Any CPU
		{D06E1F1D-0BB4-4D1C-870D-B40378015295}.Debug|x64.ActiveCfg = Debug|Any CPU
		{D06E1F1D-0BB4-4D1C-870D-B40378015295}.Debug|x64.Build.0 = Debug|Any CPU
		{D06E1F1D-0BB4-4D1C-870D-B40378015295}.Debug|x86.ActiveCfg = Debug|Any CPU
		{D06E1F1D-0BB4-4D1C-870D-B40378015295}.Debug|x86.Build.0 = Debug|Any CPU
		{D06E1F1D-0BB4-4D1C-870D-B40378015295}.Release|Any CPU.ActiveCfg = Release|Any CPU
		{D06E1F1D-0BB4-4D1C-870D-B40378015295}.Release|Any CPU.Build.0 = Release|Any CPU
		{D06E1F1D-0BB4-4D1C-870D-B40378015295}.Release|x64.ActiveCfg = Release|Any CPU
		{D06E1F1D-0BB4-4D1C-870D-B40378015295}.Release|x64.Build.0 = Release|Any CPU
		{D06E1F1D-0BB4-4D1C-870D-B40378015295}.Release|x86.ActiveCfg = Release|Any CPU
		{D06E1F1D-0BB4-4D1C-870D-B40378015295}.Release|x86.Build.0 = Release|Any CPU
		{E0D54B40-09C3-4673-9B3F-67BB9C52A411}.Debug|Any CPU.ActiveCfg = Debug|Any CPU
		{E0D54B40-09C3-4673-9B3F-67BB9C52A411}.Debug|Any CPU.Build.0 = Debug|Any CPU
		{E0D54B40-09C3-4673-9B3F-67BB9C52A411}.Debug|x64.ActiveCfg = Debug|Any CPU
		{E0D54B40-09C3-4673-9B3F-67BB9C52A411}.Debug|x64.Build.0 = Debug|Any CPU
		{E0D54B40-09C3-4673-9B3F-67BB9C52A411}.Debug|x86.ActiveCfg = Debug|Any CPU
		{E0D54B40-09C3-4673-9B3F-67BB9C52A411}.Debug|x86.Build.0 = Debug|Any CPU
		{E0D54B40-09C3-4673-9B3F-67BB9C52A411}.Release|Any CPU.ActiveCfg = Release|Any CPU
		{E0D54B40-09C3-4673-9B3F-67BB9C52A411}.Release|Any CPU.Build.0 = Release|Any CPU
		{E0D54B40-09C3-4673-9B3F-67BB9C52A411}.Release|x64.ActiveCfg = Release|Any CPU
		{E0D54B40-09C3-4673-9B3F-67BB9C52A411}.Release|x64.Build.0 = Release|Any CPU
		{E0D54B40-09C3-4673-9B3F-67BB9C52A411}.Release|x86.ActiveCfg = Release|Any CPU
		{E0D54B40-09C3-4673-9B3F-67BB9C52A411}.Release|x86.Build.0 = Release|Any CPU
		{A93FFF55-08DF-489C-B05E-C67C64F1AB4E}.Debug|Any CPU.ActiveCfg = Debug|Any CPU
		{A93FFF55-08DF-489C-B05E-C67C64F1AB4E}.Debug|Any CPU.Build.0 = Debug|Any CPU
		{A93FFF55-08DF-489C-B05E-C67C64F1AB4E}.Debug|x64.ActiveCfg = Debug|Any CPU
		{A93FFF55-08DF-489C-B05E-C67C64F1AB4E}.Debug|x64.Build.0 = Debug|Any CPU
		{A93FFF55-08DF-489C-B05E-C67C64F1AB4E}.Debug|x86.ActiveCfg = Debug|Any CPU
		{A93FFF55-08DF-489C-B05E-C67C64F1AB4E}.Debug|x86.Build.0 = Debug|Any CPU
		{A93FFF55-08DF-489C-B05E-C67C64F1AB4E}.Release|Any CPU.ActiveCfg = Release|Any CPU
		{A93FFF55-08DF-489C-B05E-C67C64F1AB4E}.Release|Any CPU.Build.0 = Release|Any CPU
		{A93FFF55-08DF-489C-B05E-C67C64F1AB4E}.Release|x64.ActiveCfg = Release|Any CPU
		{A93FFF55-08DF-489C-B05E-C67C64F1AB4E}.Release|x64.Build.0 = Release|Any CPU
		{A93FFF55-08DF-489C-B05E-C67C64F1AB4E}.Release|x86.ActiveCfg = Release|Any CPU
		{A93FFF55-08DF-489C-B05E-C67C64F1AB4E}.Release|x86.Build.0 = Release|Any CPU
	EndGlobalSection
	GlobalSection(SolutionProperties) = preSolution
		HideSolutionNode = FALSE
	EndGlobalSection
EndGlobal
